
Microsoft Visual Studio Solution File, Format Version 12.00
# Visual Studio Version 17
VisualStudioVersion = 17.13.35825.156 d17.13
MinimumVisualStudioVersion = 10.0.40219.1
Project("{FAE04EC0-301F-11D3-BF4B-00C04F79EFBC}") = "LLMAPI", "LLMAPI\LLMAPI.csproj", "{2CF1C8AB-07EE-4AA6-AFAF-C5B3914B6AD3}"
EndProject
Project("{FAE04EC0-301F-11D3-BF4B-00C04F79EFBC}") = "LLMBatchProcessor", "LLMBatchProcessor\LLMBatchProcessor.csproj", "{03B686C8-B2ED-44C9-BFFE-ACE339E7B018}"
EndProject
Global
	GlobalSection(SolutionConfigurationPlatforms) = preSolution
		Debug|Any CPU = Debug|Any CPU
		Release|Any CPU = Release|Any CPU
	EndGlobalSection
	GlobalSection(ProjectConfigurationPlatforms) = postSolution
		{2CF1C8AB-07EE-4AA6-AFAF-C5B3914B6AD3}.Debug|Any CPU.ActiveCfg = Debug|Any CPU
		{2CF1C8AB-07EE-4AA6-AFAF-C5B3914B6AD3}.Debug|Any CPU.Build.0 = Debug|Any CPU
		{2CF1C8AB-07EE-4AA6-AFAF-C5B3914B6AD3}.Release|Any CPU.ActiveCfg = Release|Any CPU
		{2CF1C8AB-07EE-4AA6-AFAF-C5B3914B6AD3}.Release|Any CPU.Build.0 = Release|Any CPU
		{03B686C8-B2ED-44C9-BFFE-ACE339E7B018}.Debug|Any CPU.ActiveCfg = Debug|Any CPU
		{03B686C8-B2ED-44C9-BFFE-ACE339E7B018}.Debug|Any CPU.Build.0 = Debug|Any CPU
		{03B686C8-B2ED-44C9-BFFE-ACE339E7B018}.Release|Any CPU.ActiveCfg = Release|Any CPU
		{03B686C8-B2ED-44C9-BFFE-ACE339E7B018}.Release|Any CPU.Build.0 = Release|Any CPU
	EndGlobalSection
	GlobalSection(SolutionProperties) = preSolution
		HideSolutionNode = FALSE
	EndGlobalSection
	GlobalSection(ExtensibilityGlobals) = postSolution
		SolutionGuid = {E5AA1371-A3CB-4B9F-9A21-75B836A92697}
	EndGlobalSection
EndGlobal
